schema: '2.0'
stages:
  data_ingestion:
    cmd: python src/data/data_ingestion.py
    deps:
    - path: src/data/data_ingestion.py
      hash: md5
      md5: 7cc08acc111e01b72e5ead5955080482
      size: 3617
    params:
      params.yaml:
        data_ingestion.test_size: 0.3
    outs:
    - path: data/raw/test.csv
      hash: md5
      md5: bb46ab0fd61d60247acc84cf74496454
      size: 245361
    - path: data/raw/train.csv
      hash: md5
      md5: 7f78dfb25688160ec2c3c0e294cb2f62
      size: 572236
  data_preprocessing:
    cmd: python src/data/data_preprocessing.py
    deps:
    - path: data/raw/test.csv
      hash: md5
      md5: bb46ab0fd61d60247acc84cf74496454
      size: 245361
    - path: data/raw/train.csv
      hash: md5
      md5: 7f78dfb25688160ec2c3c0e294cb2f62
      size: 572236
    - path: src/data/data_preprocessing.py
      hash: md5
      md5: 00597f8ea7eb76ce302283d7632a60e7
      size: 5123
    outs:
    - path: data/processed/test.csv
      hash: md5
      md5: beb83e69f574b9c4cea375d97b47b76a
      size: 166878
    - path: data/processed/train.csv
      hash: md5
      md5: 3f66f9a7c240b7b08d0b8cab8e1ccf41
      size: 388956
  feature_engineering:
    cmd: python src/features/features.py
    deps:
    - path: data/processed/test.csv
      hash: md5
      md5: beb83e69f574b9c4cea375d97b47b76a
      size: 166878
    - path: data/processed/train.csv
      hash: md5
      md5: 3f66f9a7c240b7b08d0b8cab8e1ccf41
      size: 388956
    - path: src/features/features.py
      hash: md5
      md5: e47f137d01e60e747053b1600dd02f61
      size: 3326
    params:
      params.yaml:
        feature_engg.max_features: 150
    outs:
    - path: data/interim/test_bow.csv
      hash: md5
      md5: 70be9b5a15610acdebf66456227a24fc
      size: 2004209
    - path: data/interim/train_bow.csv
      hash: md5
      md5: 6d410042422aee733bfbc93dfb2390f2
      size: 4679230
  model_training:
    cmd: python src/modelling/modelling.py
    deps:
    - path: data/interim/train_bow.csv
      hash: md5
      md5: 6d410042422aee733bfbc93dfb2390f2
      size: 4679230
    - path: src/modelling/modelling.py
      hash: md5
      md5: 378d1e39ed47235c2c9311431edf4687
      size: 3022
    params:
      params.yaml:
        model_training.max_depth: 10
        model_training.n_estimators: 120
    outs:
    - path: models/random_forest_model.pkl
      hash: md5
      md5: 2901652c263ac2bd4d92d47117c96d42
      size: 1287389
  model_evaluation:
    cmd: python src/modelling/model_evaluation.py
    deps:
    - path: data/interim/test_bow.csv
      hash: md5
      md5: 70be9b5a15610acdebf66456227a24fc
      size: 2004209
    - path: models/random_forest_model.pkl
      hash: md5
      md5: 2901652c263ac2bd4d92d47117c96d42
      size: 1287389
    - path: src/modelling/model_evaluation.py
      hash: md5
      md5: 55f747a275acbb69173fa6febf9b32d1
      size: 2989
    outs:
    - path: reports/metrics.json
      hash: md5
      md5: 8310d4aff20de55cf4315a4e22330f51
      size: 144
