schema: '2.0'
stages:
  data_ingestion:
    cmd: python src/data/data_ingestion.py
    deps:
    - path: src/data/data_ingestion.py
      hash: md5
      md5: 6a587135bc680cb1b43020292322c4f2
      size: 3421
    outs:
    - path: data/raw/test.csv
      hash: md5
      md5: bb46ab0fd61d60247acc84cf74496454
      size: 245361
    - path: data/raw/train.csv
      hash: md5
      md5: 7f78dfb25688160ec2c3c0e294cb2f62
      size: 572236
  data_preprocessing:
    cmd: python src/data/data_preprocessing.py
    deps:
    - path: data/raw/test.csv
      hash: md5
      md5: bb46ab0fd61d60247acc84cf74496454
      size: 245361
    - path: data/raw/train.csv
      hash: md5
      md5: 7f78dfb25688160ec2c3c0e294cb2f62
      size: 572236
    - path: src/data/data_preprocessing.py
      hash: md5
      md5: a841ee6ab7268f7f362ccad60edc53fe
      size: 4923
    outs:
    - path: data/processed/test.csv
      hash: md5
      md5: beb83e69f574b9c4cea375d97b47b76a
      size: 166878
    - path: data/processed/train.csv
      hash: md5
      md5: 3f66f9a7c240b7b08d0b8cab8e1ccf41
      size: 388956
  feature_engineering:
    cmd: python src/features/features.py
    deps:
    - path: data/processed/test.csv
      hash: md5
      md5: beb83e69f574b9c4cea375d97b47b76a
      size: 166878
    - path: data/processed/train.csv
      hash: md5
      md5: 3f66f9a7c240b7b08d0b8cab8e1ccf41
      size: 388956
    - path: src/features/features.py
      hash: md5
      md5: 933e297434dc84dbba4a29804df8cfbe
      size: 3066
    outs:
    - path: data/interim/test_bow.csv
      hash: md5
      md5: 11547515a029dfa59e437f37e8a8152a
      size: 940320
    - path: data/interim/train_bow.csv
      hash: md5
      md5: 82c8617358a8d767b02fd95adcebf746
      size: 2193016
  model_training:
    cmd: python src/modelling/modelling.py
    deps:
    - path: data/interim/train_bow.csv
      hash: md5
      md5: 82c8617358a8d767b02fd95adcebf746
      size: 2193016
    - path: src/modelling/modelling.py
      hash: md5
      md5: ba69f704661b0d87872f5f3bceb27a80
      size: 2831
    outs:
    - path: models/random_forest_model.pkl
      hash: md5
      md5: a3341174927cad9992677f0d4a5d150a
      size: 1024593
  model_evaluation:
    cmd: python src/modelling/model_evaluation.py
    deps:
    - path: data/interim/test_bow.csv
      hash: md5
      md5: 11547515a029dfa59e437f37e8a8152a
      size: 940320
    - path: models/random_forest_model.pkl
      hash: md5
      md5: a3341174927cad9992677f0d4a5d150a
      size: 1024593
    - path: src/modelling/model_evaluation.py
      hash: md5
      md5: 57149c275e7261d3558c0983fd33f9c9
      size: 2791
    outs:
    - path: reports/metrics.json
      hash: md5
      md5: 05adefee5c910fb89f81e8dbbf7cec69
      size: 143
